// !$*UTF8*$!
{
	archiveVersion = 1;
	classes = {
	};
	objectVersion = 48;
	objects = {

/* Begin PBXBuildFile section */
		462DDA172021757E0044CFE6 /* AppDelegate.swift in Sources */ = {isa = PBXBuildFile; fileRef = 462DDA162021757E0044CFE6 /* AppDelegate.swift */; };
		462DDA192021757E0044CFE6 /* ViewController.swift in Sources */ = {isa = PBXBuildFile; fileRef = 462DDA182021757E0044CFE6 /* ViewController.swift */; };
		462DDA1C2021757E0044CFE6 /* Main.storyboard in Resources */ = {isa = PBXBuildFile; fileRef = 462DDA1A2021757E0044CFE6 /* Main.storyboard */; };
		462DDA1E2021757E0044CFE6 /* Assets.xcassets in Resources */ = {isa = PBXBuildFile; fileRef = 462DDA1D2021757E0044CFE6 /* Assets.xcassets */; };
		462DDA212021757E0044CFE6 /* LaunchScreen.storyboard in Resources */ = {isa = PBXBuildFile; fileRef = 462DDA1F2021757E0044CFE6 /* LaunchScreen.storyboard */; };
/* End PBXBuildFile section */

/* Begin PBXFileReference section */
		462DDA132021757E0044CFE6 /* SimpleTableKettering.app */ = {isa = PBXFileReference; explicitFileType = wrapper.application; includeInIndex = 0; path = SimpleTableKettering.app; sourceTree = BUILT_PRODUCTS_DIR; };
		462DDA162021757E0044CFE6 /* AppDelegate.swift */ = {isa = PBXFileReference; lastKnownFileType = sourcecode.swift; path = AppDelegate.swift; sourceTree = "<group>"; };
		462DDA182021757E0044CFE6 /* ViewController.swift */ = {isa = PBXFileReference; lastKnownFileType = sourcecode.swift; path = ViewController.swift; sourceTree = "<group>"; };
		462DDA1B2021757E0044CFE6 /* Base */ = {isa = PBXFileReference; lastKnownFileType = file.storyboard; name = Base; path = Base.lproj/Main.storyboard; sourceTree = "<group>"; };
		462DDA1D2021757E0044CFE6 /* Assets.xcassets */ = {isa = PBXFileReference; lastKnownFileType = folder.assetcatalog; path = Assets.xcassets; sourceTree = "<group>"; };
		462DDA202021757E0044CFE6 /* Base */ = {isa = PBXFileReference; lastKnownFileType = file.storyboard; name = Base; path = Base.lproj/LaunchScreen.storyboard; sourceTree = "<group>"; };
		462DDA222021757E0044CFE6 /* Info.plist */ = {isa = PBXFileReference; lastKnownFileType = text.plist.xml; path = Info.plist; sourceTree = "<group>"; };
/* End PBXFileReference section */

/* Begin PBXFrameworksBuildPhase section */
		462DDA102021757E0044CFE6 /* Frameworks */ = {
			isa = PBXFrameworksBuildPhase;
			buildActionMask = 2147483647;
			files = (
			);
			runOnlyForDeploymentPostprocessing = 0;
		};
/* End PBXFrameworksBuildPhase section */

/* Begin PBXGroup section */
		462DDA0A2021757E0044CFE6 = {
			isa = PBXGroup;
			children = (
				462DDA152021757E0044CFE6 /* SimpleTableKettering */,
				462DDA142021757E0044CFE6 /* Products */,
			);
			sourceTree = "<group>";
		};
		462DDA142021757E0044CFE6 /* Products */ = {
			isa = PBXGroup;
			children = (
				462DDA132021757E0044CFE6 /* SimpleTableKettering.app */,
			);
			name = Products;
			sourceTree = "<group>";
		};
		462DDA152021757E0044CFE6 /* SimpleTableKettering */ = {
			isa = PBXGroup;
			children = (
				462DDA162021757E0044CFE6 /* AppDelegate.swift */,
				462DDA182021757E0044CFE6 /* ViewController.swift */,
				462DDA1A2021757E0044CFE6 /* Main.storyboard */,
				462DDA1D2021757E0044CFE6 /* Assets.xcassets */,
				462DDA1F2021757E0044CFE6 /* LaunchScreen.storyboard */,
				462DDA222021757E0044CFE6 /* Info.plist */,
			);
			path = SimpleTableKettering;
			sourceTree = "<group>";
		};
/* End PBXGroup section */

/* Begin PBXNativeTarget section */
		462DDA122021757E0044CFE6 /* SimpleTableKettering */ = {
			isa = PBXNativeTarget;
			buildConfigurationList = 462DDA252021757E0044CFE6 /* Build configuration list for PBXNativeTarget "SimpleTableKettering" */;
			buildPhases = (
				462DDA0F2021757E0044CFE6 /* Sources */,
				462DDA102021757E0044CFE6 /* Frameworks */,
				462DDA112021757E0044CFE6 /* Resources */,
			);
			buildRules = (
			);
			dependencies = (
			);
			name = SimpleTableKettering;
			productName = SimpleTableKettering;
			productReference = 462DDA132021757E0044CFE6 /* SimpleTableKettering.app */;
			productType = "com.apple.product-type.application";
		};
/* End PBXNativeTarget section */

/* Begin PBXProject section */
		462DDA0B2021757E0044CFE6 /* Project object */ = {
			isa = PBXProject;
			attributes = {
				LastSwiftUpdateCheck = 0920;
				LastUpgradeCheck = 0920;
				ORGANIZATIONNAME = Me;
				TargetAttributes = {
					462DDA122021757E0044CFE6 = {
						CreatedOnToolsVersion = 9.2;
						ProvisioningStyle = Automatic;
					};
				};
			};
			buildConfigurationList = 462DDA0E2021757E0044CFE6 /* Build configuration list for PBXProject "SimpleTableKettering" */;
			compatibilityVersion = "Xcode 8.0";
			developmentRegion = en;
			hasScannedForEncodings = 0;
			knownRegions = (
				en,
				Base,
			);
			mainGroup = 462DDA0A2021757E0044CFE6;
			productRefGroup = 462DDA142021757E0044CFE6 /* Products */;
			projectDirPath = "";
			projectRoot = "";
			targets = (
				462DDA122021757E0044CFE6 /* SimpleTableKettering */,
			);
		};
/* End PBXProject section */

/* Begin PBXResourcesBuildPhase section */
		462DDA112021757E0044CFE6 /* Resources */ = {
			isa = PBXResourcesBuildPhase;
			buildActionMask = 2147483647;
			files = (
				462DDA212021757E0044CFE6 /* LaunchScreen.storyboard in Resources */,
				462DDA1E2021757E0044CFE6 /* Assets.xcassets in Resources */,
				462DDA1C2021757E0044CFE6 /* Main.storyboard in Resources */,
			);
			runOnlyForDeploymentPostprocessing = 0;
		};
/* End PBXResourcesBuildPhase section */

/* Begin PBXSourcesBuildPhase section */
		462DDA0F2021757E0044CFE6 /* Sources */ = {
			isa = PBXSourcesBuildPhase;
			buildActionMask = 2147483647;
			files = (
				462DDA192021757E0044CFE6 /* ViewController.swift in Sources */,
				462DDA172021757E0044CFE6 /* AppDelegate.swift in Sources */,
			);
			runOnlyForDeploymentPostprocessing = 0;
		};
/* End PBXSourcesBuildPhase section */

/* Begin PBXVariantGroup section */
		462DDA1A2021757E0044CFE6 /* Main.storyboard */ = {
			isa = PBXVariantGroup;
			children = (
				462DDA1B2021757E0044CFE6 /* Base */,
			);
			name = Main.storyboard;
			sourceTree = "<group>";
		};
		462DDA1F2021757E0044CFE6 /* LaunchScreen.storyboard */ = {
			isa = PBXVariantGroup;
			children = (
				462DDA202021757E0044CFE6 /* Base */,
			);
			name = LaunchScreen.storyboard;
			sourceTree = "<group>";
		};
/* End PBXVariantGroup section */

/* Begin XCBuildConfiguration section */
		462DDA232021757E0044CFE6 /* Debug */ = {
			isa = XCBuildConfiguration;
			buildSettings = {
				ALWAYS_SEARCH_USER_PATHS = NO;
				CLANG_ANALYZER_NONNULL = YES;
				CLANG_ANALYZER_NUMBER_OBJECT_CONVERSION = YES_AGGRESSIVE;
				CLANG_CXX_LANGUAGE_STANDARD = "gnu++14";
				CLANG_CXX_LIBRARY = "libc++";
				CLANG_ENABLE_MODULES = YES;
				CLANG_ENABLE_OBJC_ARC = YES;
				CLANG_WARN_BLOCK_CAPTURE_AUTORELEASING = YES;
				CLANG_WARN_BOOL_CONVERSION = YES;
				CLANG_WARN_COMMA = YES;
				CLANG_WARN_CONSTANT_CONVERSION = YES;
				CLANG_WARN_DIRECT_OBJC_ISA_USAGE = YES_ERROR;
				CLANG_WARN_DOCUMENTATION_COMMENTS = YES;
				CLANG_WARN_EMPTY_BODY = YES;
				CLANG_WARN_ENUM_CONVERSION = YES;
				CLANG_WARN_INFINITE_RECURSION = YES;
				CLANG_WARN_INT_CONVERSION = YES;
				CLANG_WARN_NON_LITERAL_NULL_CONVERSION = YES;
				CLANG_WARN_OBJC_LITERAL_CONVERSION = YES;
				CLANG_WARN_OBJC_ROOT_CLASS = YES_ERROR;
				CLANG_WARN_RANGE_LOOP_ANALYSIS = YES;
				CLANG_WARN_STRICT_PROTOTYPES = YES;
				CLANG_WARN_SUSPICIOUS_MOVE = YES;
				CLANG_WARN_UNGUARDED_AVAILABILITY = YES_AGGRESSIVE;
				CLANG_WARN_UNREACHABLE_CODE = YES;
				CLANG_WARN__DUPLICATE_METHOD_MATCH = YES;
				CODE_SIGN_IDENTITY = "iPhone Developer";
				COPY_PHASE_STRIP = NO;
				DEBUG_INFORMATION_FORMAT = dwarf;
				ENABLE_STRICT_OBJC_MSGSEND = YES;
				ENABLE_TESTABILITY = YES;
				GCC_C_LANGUAGE_STANDARD = gnu11;
				GCC_DYNAMIC_NO_PIC = NO;
				GCC_NO_COMMON_BLOCKS = YES;
				GCC_OPTIMIZATION_LEVEL = 0;
				GCC_PREPROCESSOR_DEFINITIONS = (
					"DEBUG=1",
					"$(inherited)",
				);
				GCC_WARN_64_TO_32_BIT_CONVERSION = YES;
				GCC_WARN_ABOUT_RETURN_TYPE = YES_ERROR;
				GCC_WARN_UNDECLARED_SELECTOR = YES;
				GCC_WARN_UNINITIALIZED_AUTOS = YES_AGGRESSIVE;
				GCC_WARN_UNUSED_FUNCTION = YES;
				GCC_WARN_UNUSED_VARIABLE = YES;
				IPHONEOS_DEPLOYMENT_TARGET = 11.2;
				MTL_ENABLE_DEBUG_INFO = YES;
				ONLY_ACTIVE_ARCH = YES;
				SDKROOT = iphoneos;
				SWIFT_ACTIVE_COMPILATION_CONDITIONS = DEBUG;
				SWIFT_OPTIMIZATION_LEVEL = "-Onone";
			};
			name = Debug;
		};
		462DDA242021757E0044CFE6 /* Release */ = {
			isa = XCBuildConfiguration;
			buildSettings = {
				ALWAYS_SEARCH_USER_PATHS = NO;
				CLANG_ANALYZER_NONNULL = YES;
				CLANG_ANALYZER_NUMBER_OBJECT_CONVERSION = YES_AGGRESSIVE;
				CLANG_CXX_LANGUAGE_STANDARD = "gnu++14";
				CLANG_CXX_LIBRARY = "libc++";
				CLANG_ENABLE_MODULES = YES;
				CLANG_ENABLE_OBJC_ARC = YES;
				CLANG_WARN_BLOCK_CAPTURE_AUTORELEASING = YES;
				CLANG_WARN_BOOL_CONVERSION = YES;
				CLANG_WARN_COMMA = YES;
				CLANG_WARN_CONSTANT_CONVERSION = YES;
				CLANG_WARN_DIRECT_OBJC_ISA_USAGE = YES_ERROR;
				CLANG_WARN_DOCUMENTATION_COMMENTS = YES;
				CLANG_WARN_EMPTY_BODY = YES;
				CLANG_WARN_ENUM_CONVERSION = YES;
				CLANG_WARN_INFINITE_RECURSION = YES;
				CLANG_WARN_INT_CONVERSION = YES;
				CLANG_WARN_NON_LITERAL_NULL_CONVERSION = YES;
				CLANG_WARN_OBJC_LITERAL_CONVERSION = YES;
				CLANG_WARN_OBJC_ROOT_CLASS = YES_ERROR;
				CLANG_WARN_RANGE_LOOP_ANALYSIS = YES;
				CLANG_WARN_STRICT_PROTOTYPES = YES;
				CLANG_WARN_SUSPICIOUS_MOVE = YES;
				CLANG_WARN_UNGUARDED_AVAILABILITY = YES_AGGRESSIVE;
				CLANG_WARN_UNREACHABLE_CODE = YES;
				CLANG_WARN__DUPLICATE_METHOD_MATCH = YES;
				CODE_SIGN_IDENTITY = "iPhone Developer";
				COPY_PHASE_STRIP = NO;
				DEBUG_INFORMATION_FORMAT = "dwarf-with-dsym";
				ENABLE_NS_ASSERTIONS = NO;
				ENABLE_STRICT_OBJC_MSGSEND = YES;
				GCC_C_LANGUAGE_STANDARD = gnu11;
				GCC_NO_COMMON_BLOCKS = YES;
				GCC_WARN_64_TO_32_BIT_CONVERSION = YES;
				GCC_WARN_ABOUT_RETURN_TYPE = YES_ERROR;
				GCC_WARN_UNDECLARED_SELECTOR = YES;
				GCC_WARN_UNINITIALIZED_AUTOS = YES_AGGRESSIVE;
				GCC_WARN_UNUSED_FUNCTION = YES;
				GCC_WARN_UNUSED_VARIABLE = YES;
				IPHONEOS_DEPLOYMENT_TARGET = 11.2;
				MTL_ENABLE_DEBUG_INFO = NO;
				SDKROOT = iphoneos;
				SWIFT_OPTIMIZATION_LEVEL = "-Owholemodule";
				VALIDATE_PRODUCT = YES;
			};
			name = Release;
		};
		462DDA262021757E0044CFE6 /* Debug */ = {
			isa = XCBuildConfiguration;
			buildSettings = {
				ASSETCATALOG_COMPILER_APPICON_NAME = AppIcon;
				CODE_SIGN_STYLE = Automatic;
				DEVELOPMENT_TEAM = ZX7SQWQKNR;
				INFOPLIST_FILE = SimpleTableKettering/Info.plist;
				LD_RUNPATH_SEARCH_PATHS = "$(inherited) @executable_path/Frameworks";
				PRODUCT_BUNDLE_IDENTIFIER = MeSoftware.SimpleTableKettering;
				PRODUCT_NAME = "$(TARGET_NAME)";
				SWIFT_VERSION = 4.0;
				TARGETED_DEVICE_FAMILY = "1,2";
			};
			name = Debug;
		};
		462DDA272021757E0044CFE6 /* Release */ = {
			isa = XCBuildConfiguration;
			buildSettings = {
				ASSETCATALOG_COMPILER_APPICON_NAME = AppIcon;
				CODE_SIGN_STYLE = Automatic;
				DEVELOPMENT_TEAM = ZX7SQWQKNR;
				INFOPLIST_FILE = SimpleTableKettering/Info.plist;
				LD_RUNPATH_SEARCH_PATHS = "$(inherited) @executable_path/Frameworks";
				PRODUCT_BUNDLE_IDENTIFIER = MeSoftware.SimpleTableKettering;
				PRODUCT_NAME = "$(TARGET_NAME)";
				SWIFT_VERSION = 4.0;
				TARGETED_DEVICE_FAMILY = "1,2";
			};
			name = Release;
		};
/* End XCBuildConfiguration section */

/* Begin XCConfigurationList section */
		462DDA0E2021757E0044CFE6 /* Build configuration list for PBXProject "SimpleTableKettering" */ = {
			isa = XCConfigurationList;
			buildConfigurations = (
				462DDA232021757E0044CFE6 /* Debug */,
				462DDA242021757E0044CFE6 /* Release */,
			);
			defaultConfigurationIsVisible = 0;
			defaultConfigurationName = Release;
		};
		462DDA252021757E0044CFE6 /* Build configuration list for PBXNativeTarget "SimpleTableKettering" */ = {
			isa = XCConfigurationList;
			buildConfigurations = (
				462DDA262021757E0044CFE6 /* Debug */,
				462DDA272021757E0044CFE6 /* Release */,
			);
			defaultConfigurationIsVisible = 0;
			defaultConfigurationName = Release;
		};
/* End XCConfigurationList section */
	};
	rootObject = 462DDA0B2021757E0044CFE6 /* Project object */;
}
